
Microsoft Visual Studio Solution File, Format Version 12.00
# Visual Studio Version 16
VisualStudioVersion = 16.0.32602.291
MinimumVisualStudioVersion = 10.0.40219.1
Project("{FAE04EC0-301F-11D3-BF4B-00C04F79EFBC}") = "EticketMVCDemoProject", "EticketMVCDemoProject\EticketMVCDemoProject.csproj", "{0F5532AB-EBA1-4E1B-AAB3-3949A95C4128}"
EndProject
Global
	GlobalSection(SolutionConfigurationPlatforms) = preSolution
		Debug|Any CPU = Debug|Any CPU
		Release|Any CPU = Release|Any CPU
	EndGlobalSection
	GlobalSection(ProjectConfigurationPlatforms) = postSolution
		{0F5532AB-EBA1-4E1B-AAB3-3949A95C4128}.Debug|Any CPU.ActiveCfg = Debug|Any CPU
		{0F5532AB-EBA1-4E1B-AAB3-3949A95C4128}.Debug|Any CPU.Build.0 = Debug|Any CPU
		{0F5532AB-EBA1-4E1B-AAB3-3949A95C4128}.Release|Any CPU.ActiveCfg = Release|Any CPU
		{0F5532AB-EBA1-4E1B-AAB3-3949A95C4128}.Release|Any CPU.Build.0 = Release|Any CPU
	EndGlobalSection
	GlobalSection(SolutionProperties) = preSolution
		HideSolutionNode = FALSE
	EndGlobalSection
	GlobalSection(ExtensibilityGlobals) = postSolution
		SolutionGuid = {E9160C64-9DC5-491E-B7C2-696B432A64B2}
	EndGlobalSection
EndGlobal
